{
  "requires": true,
  "lockfileVersion": 1,
  "dependencies": {
    "svg.draw.js": {
      "version": "2.0.3",
      "resolved": "https://registry.npmjs.org/svg.draw.js/-/svg.draw.js-2.0.3.tgz",
      "integrity": "sha512-GGK7vBzwdEgr5fJUupqDqYPhQBXxrtBd4CcrgqAt7S4/5REmF6JTSuITeAgfVlfXftOO90t5OqLOtJ4IEEUFVw==",
      "requires": {
        "svg.js": "2.x.x"
      }
    },
    "svg.js": {
      "version": "2.7.0",
      "resolved": "https://registry.npmjs.org/svg.js/-/svg.js-2.7.0.tgz",
      "integrity": "sha512-cgzGacB+bMe4HqVlev8vE+INu8WZz0EyzwsbtiN2tsZIw7W3isA3cuJQvB2/PRPCXLkHJJ3Zp4sXT5+cajfxyA=="
    }
  }
}
